lockfileVersion: '9.0'

settings:
  autoInstallPeers: true
  excludeLinksFromLockfile: false

importers:

  .:
    dependencies:
      '@axel669/acheron':
        specifier: ^0.1.1
        version: 0.1.1
      hono:
        specifier: ^3.12.12
        version: 3.12.12
      zod:
        specifier: ^3.23.8
        version: 3.23.8

packages:

  '@axel669/acheron@0.1.1':
    resolution: {integrity: sha512-2hFNj3InQsroVdPec7OPKzvasEIBKku9HNncALOH4XhwmU689Cv0v7hBg8qFn4SxHGq6/g2762ybeFdzNVTKOw==}

  hono@3.12.12:
    resolution: {integrity: sha512-5IAMJOXfpA5nT+K0MNjClchzz0IhBHs2Szl7WFAhrFOsbtQsYmNynFyJRg/a3IPsmCfxcrf8txUGiNShXpK5Rg==}
    engines: {node: '>=16.0.0'}

  zod@3.23.8:
    resolution: {integrity: sha512-XBx9AXhXktjUqnepgTiE5flcKIYWi/rme0Eaj+5Y0lftuGBq+jyRu/md4WnuxqgP1ubdpNCsYEYPxrzVHD8d6g==}

snapshots:

  '@axel669/acheron@0.1.1': {}

  hono@3.12.12: {}

  zod@3.23.8: {}
